
Microsoft Visual Studio Solution File, Format Version 12.00
# Visual Studio Version 17
VisualStudioVersion = 17.8.34316.72
MinimumVisualStudioVersion = 10.0.40219.1
Project("{9A19103F-16F7-4668-BE54-9A1E7A4F7556}") = "Inflow.Api", "Inflow.Api\Inflow.Api.csproj", "{DFB8ACB1-69CD-4ACD-A6D8-177F060A0890}"
EndProject
Project("{9A19103F-16F7-4668-BE54-9A1E7A4F7556}") = "Inflow.Domain", "Inflow.Domain\Inflow.Domain.csproj", "{7D0367CD-A45A-4845-97E2-557F6067DD68}"
EndProject
Project("{9A19103F-16F7-4668-BE54-9A1E7A4F7556}") = "Inflow.Infrastructure", "Inflow.Infrastructure\Inflow.Infrastructure.csproj", "{CA939043-F229-4D1F-8B5F-95DB6036330B}"
EndProject
Project("{9A19103F-16F7-4668-BE54-9A1E7A4F7556}") = "Inflow.Services", "Inflow.Service\Inflow.Services.csproj", "{ADF7631F-5B1F-469B-9FCF-AABDA11DC807}"
EndProject
Global
	GlobalSection(SolutionConfigurationPlatforms) = preSolution
		Debug|Any CPU = Debug|Any CPU
		Release|Any CPU = Release|Any CPU
	EndGlobalSection
	GlobalSection(ProjectConfigurationPlatforms) = postSolution
		{DFB8ACB1-69CD-4ACD-A6D8-177F060A0890}.Debug|Any CPU.ActiveCfg = Debug|Any CPU
		{DFB8ACB1-69CD-4ACD-A6D8-177F060A0890}.Debug|Any CPU.Build.0 = Debug|Any CPU
		{DFB8ACB1-69CD-4ACD-A6D8-177F060A0890}.Release|Any CPU.ActiveCfg = Release|Any CPU
		{DFB8ACB1-69CD-4ACD-A6D8-177F060A0890}.Release|Any CPU.Build.0 = Release|Any CPU
		{7D0367CD-A45A-4845-97E2-557F6067DD68}.Debug|Any CPU.ActiveCfg = Debug|Any CPU
		{7D0367CD-A45A-4845-97E2-557F6067DD68}.Debug|Any CPU.Build.0 = Debug|Any CPU
		{7D0367CD-A45A-4845-97E2-557F6067DD68}.Release|Any CPU.ActiveCfg = Release|Any CPU
		{7D0367CD-A45A-4845-97E2-557F6067DD68}.Release|Any CPU.Build.0 = Release|Any CPU
		{CA939043-F229-4D1F-8B5F-95DB6036330B}.Debug|Any CPU.ActiveCfg = Debug|Any CPU
		{CA939043-F229-4D1F-8B5F-95DB6036330B}.Debug|Any CPU.Build.0 = Debug|Any CPU
		{CA939043-F229-4D1F-8B5F-95DB6036330B}.Release|Any CPU.ActiveCfg = Release|Any CPU
		{CA939043-F229-4D1F-8B5F-95DB6036330B}.Release|Any CPU.Build.0 = Release|Any CPU
		{ADF7631F-5B1F-469B-9FCF-AABDA11DC807}.Debug|Any CPU.ActiveCfg = Debug|Any CPU
		{ADF7631F-5B1F-469B-9FCF-AABDA11DC807}.Debug|Any CPU.Build.0 = Debug|Any CPU
		{ADF7631F-5B1F-469B-9FCF-AABDA11DC807}.Release|Any CPU.ActiveCfg = Release|Any CPU
		{ADF7631F-5B1F-469B-9FCF-AABDA11DC807}.Release|Any CPU.Build.0 = Release|Any CPU
	EndGlobalSection
	GlobalSection(SolutionProperties) = preSolution
		HideSolutionNode = FALSE
	EndGlobalSection
	GlobalSection(ExtensibilityGlobals) = postSolution
		SolutionGuid = {B0013089-5E30-4AB6-B919-9EDB80423EC3}
	EndGlobalSection
EndGlobal
